
Microsoft Visual Studio Solution File, Format Version 12.00
# Visual Studio Version 17
VisualStudioVersion = 17.10.35027.167
MinimumVisualStudioVersion = 10.0.40219.1
Project("{FAE04EC0-301F-11D3-BF4B-00C04F79EFBC}") = "GraphQL.API", "GraphQL.API.csproj", "{2EFA95F9-D48E-412C-9CA0-C4CF70872B3C}"
EndProject
Global
	GlobalSection(SolutionConfigurationPlatforms) = preSolution
		Debug|Any CPU = Debug|Any CPU
		Release|Any CPU = Release|Any CPU
	EndGlobalSection
	GlobalSection(ProjectConfigurationPlatforms) = postSolution
		{2EFA95F9-D48E-412C-9CA0-C4CF70872B3C}.Debug|Any CPU.ActiveCfg = Debug|Any CPU
		{2EFA95F9-D48E-412C-9CA0-C4CF70872B3C}.Debug|Any CPU.Build.0 = Debug|Any CPU
		{2EFA95F9-D48E-412C-9CA0-C4CF70872B3C}.Release|Any CPU.ActiveCfg = Release|Any CPU
		{2EFA95F9-D48E-412C-9CA0-C4CF70872B3C}.Release|Any CPU.Build.0 = Release|Any CPU
	EndGlobalSection
	GlobalSection(SolutionProperties) = preSolution
		HideSolutionNode = FALSE
	EndGlobalSection
	GlobalSection(ExtensibilityGlobals) = postSolution
		SolutionGuid = {A25AD7BB-9614-498F-8B1C-2448D62A6A96}
	EndGlobalSection
EndGlobal
